
Microsoft Visual Studio Solution File, Format Version 12.00
# Visual Studio Version 17
VisualStudioVersion = 17.10.35013.160
MinimumVisualStudioVersion = 10.0.40219.1
Project("{9A19103F-16F7-4668-BE54-9A1E7A4F7556}") = "PasswordManager", "PasswordManager\PasswordManager.csproj", "{F7F98009-9001-4080-9FCE-5EAB97B3AF25}"
EndProject
Project("{9A19103F-16F7-4668-BE54-9A1E7A4F7556}") = "PasswordManager.Desktop", "PasswordManager.Desktop\PasswordManager.Desktop.csproj", "{1D8C38F1-B5ED-4B08-9E06-AE915D1CBAD9}"
EndProject
Global
	GlobalSection(SolutionConfigurationPlatforms) = preSolution
		Debug|Any CPU = Debug|Any CPU
		Release|Any CPU = Release|Any CPU
	EndGlobalSection
	GlobalSection(ProjectConfigurationPlatforms) = postSolution
		{F7F98009-9001-4080-9FCE-5EAB97B3AF25}.Debug|Any CPU.ActiveCfg = Debug|Any CPU
		{F7F98009-9001-4080-9FCE-5EAB97B3AF25}.Debug|Any CPU.Build.0 = Debug|Any CPU
		{F7F98009-9001-4080-9FCE-5EAB97B3AF25}.Release|Any CPU.ActiveCfg = Release|Any CPU
		{F7F98009-9001-4080-9FCE-5EAB97B3AF25}.Release|Any CPU.Build.0 = Release|Any CPU
		{1D8C38F1-B5ED-4B08-9E06-AE915D1CBAD9}.Debug|Any CPU.ActiveCfg = Debug|Any CPU
		{1D8C38F1-B5ED-4B08-9E06-AE915D1CBAD9}.Debug|Any CPU.Build.0 = Debug|Any CPU
		{1D8C38F1-B5ED-4B08-9E06-AE915D1CBAD9}.Release|Any CPU.ActiveCfg = Release|Any CPU
		{1D8C38F1-B5ED-4B08-9E06-AE915D1CBAD9}.Release|Any CPU.Build.0 = Release|Any CPU
	EndGlobalSection
	GlobalSection(SolutionProperties) = preSolution
		HideSolutionNode = FALSE
	EndGlobalSection
	GlobalSection(ExtensibilityGlobals) = postSolution
		SolutionGuid = {C88A0B76-578C-4356-BCDC-18ADC99A5CB7}
	EndGlobalSection
EndGlobal
