
Microsoft Visual Studio Solution File, Format Version 12.00
# Visual Studio Version 17
VisualStudioVersion = 17.10.35013.160
MinimumVisualStudioVersion = 10.0.40219.1
Project("{9A19103F-16F7-4668-BE54-9A1E7A4F7556}") = "PasswordManager.Desktop", "PasswordManager.Desktop\PasswordManager.Desktop.csproj", "{1D8C38F1-B5ED-4B08-9E06-AE915D1CBAD9}"
EndProject
Project("{9A19103F-16F7-4668-BE54-9A1E7A4F7556}") = "ViewModels", "ViewModels\ViewModels.csproj", "{B00F5C35-ECA3-49A1-A1FF-379DFCAAFA09}"
EndProject
Project("{9A19103F-16F7-4668-BE54-9A1E7A4F7556}") = "Models", "Models\Models.csproj", "{679C5DA7-C316-45C9-B946-8874A3A7941E}"
EndProject
Project("{9A19103F-16F7-4668-BE54-9A1E7A4F7556}") = "Views", "Views\Views.csproj", "{A289CC68-C619-47AE-8E53-23F7CA79772B}"
EndProject
Project("{FAE04EC0-301F-11D3-BF4B-00C04F79EFBC}") = "Extension.WebAPI", "Extension.WebAPI\Extension.WebAPI.csproj", "{2D95BB9A-46B2-4243-91EB-47A40787B5B3}"
EndProject
Project("{54A90642-561A-4BB1-A94E-469ADEE60C69}") = "Extension", "Extension\Extension.esproj", "{C4E91797-B18C-4A11-B9EB-BD4476B07453}"
EndProject
Global
	GlobalSection(SolutionConfigurationPlatforms) = preSolution
		Debug|Any CPU = Debug|Any CPU
		Release|Any CPU = Release|Any CPU
	EndGlobalSection
	GlobalSection(ProjectConfigurationPlatforms) = postSolution
		{1D8C38F1-B5ED-4B08-9E06-AE915D1CBAD9}.Debug|Any CPU.ActiveCfg = Debug|Any CPU
		{1D8C38F1-B5ED-4B08-9E06-AE915D1CBAD9}.Debug|Any CPU.Build.0 = Debug|Any CPU
		{1D8C38F1-B5ED-4B08-9E06-AE915D1CBAD9}.Release|Any CPU.ActiveCfg = Release|Any CPU
		{1D8C38F1-B5ED-4B08-9E06-AE915D1CBAD9}.Release|Any CPU.Build.0 = Release|Any CPU
		{B00F5C35-ECA3-49A1-A1FF-379DFCAAFA09}.Debug|Any CPU.ActiveCfg = Debug|Any CPU
		{B00F5C35-ECA3-49A1-A1FF-379DFCAAFA09}.Debug|Any CPU.Build.0 = Debug|Any CPU
		{B00F5C35-ECA3-49A1-A1FF-379DFCAAFA09}.Release|Any CPU.ActiveCfg = Release|Any CPU
		{B00F5C35-ECA3-49A1-A1FF-379DFCAAFA09}.Release|Any CPU.Build.0 = Release|Any CPU
		{679C5DA7-C316-45C9-B946-8874A3A7941E}.Debug|Any CPU.ActiveCfg = Debug|Any CPU
		{679C5DA7-C316-45C9-B946-8874A3A7941E}.Debug|Any CPU.Build.0 = Debug|Any CPU
		{679C5DA7-C316-45C9-B946-8874A3A7941E}.Release|Any CPU.ActiveCfg = Release|Any CPU
		{679C5DA7-C316-45C9-B946-8874A3A7941E}.Release|Any CPU.Build.0 = Release|Any CPU
		{A289CC68-C619-47AE-8E53-23F7CA79772B}.Debug|Any CPU.ActiveCfg = Debug|Any CPU
		{A289CC68-C619-47AE-8E53-23F7CA79772B}.Debug|Any CPU.Build.0 = Debug|Any CPU
		{A289CC68-C619-47AE-8E53-23F7CA79772B}.Release|Any CPU.ActiveCfg = Release|Any CPU
		{A289CC68-C619-47AE-8E53-23F7CA79772B}.Release|Any CPU.Build.0 = Release|Any CPU
		{2D95BB9A-46B2-4243-91EB-47A40787B5B3}.Debug|Any CPU.ActiveCfg = Debug|Any CPU
		{2D95BB9A-46B2-4243-91EB-47A40787B5B3}.Debug|Any CPU.Build.0 = Debug|Any CPU
		{2D95BB9A-46B2-4243-91EB-47A40787B5B3}.Release|Any CPU.ActiveCfg = Release|Any CPU
		{2D95BB9A-46B2-4243-91EB-47A40787B5B3}.Release|Any CPU.Build.0 = Release|Any CPU
		{C4E91797-B18C-4A11-B9EB-BD4476B07453}.Debug|Any CPU.ActiveCfg = Debug|Any CPU
		{C4E91797-B18C-4A11-B9EB-BD4476B07453}.Debug|Any CPU.Build.0 = Debug|Any CPU
		{C4E91797-B18C-4A11-B9EB-BD4476B07453}.Debug|Any CPU.Deploy.0 = Debug|Any CPU
		{C4E91797-B18C-4A11-B9EB-BD4476B07453}.Release|Any CPU.ActiveCfg = Release|Any CPU
		{C4E91797-B18C-4A11-B9EB-BD4476B07453}.Release|Any CPU.Build.0 = Release|Any CPU
		{C4E91797-B18C-4A11-B9EB-BD4476B07453}.Release|Any CPU.Deploy.0 = Release|Any CPU
	EndGlobalSection
	GlobalSection(SolutionProperties) = preSolution
		HideSolutionNode = FALSE
	EndGlobalSection
	GlobalSection(ExtensibilityGlobals) = postSolution
		SolutionGuid = {C88A0B76-578C-4356-BCDC-18ADC99A5CB7}
	EndGlobalSection
EndGlobal
